PODS:
  - audiocardio_sdk_flutter_plugin_fastlane (0.0.1):
    - Flutter
  - Flutter (1.0.0)
  - integration_test (0.0.1):
    - Flutter

DEPENDENCIES:
  - audiocardio_sdk_flutter_plugin_fastlane (from `.symlinks/plugins/audiocardio_sdk_flutter_plugin_fastlane/ios`)
  - Flutter (from `Flutter`)
  - integration_test (from `.symlinks/plugins/integration_test/ios`)

EXTERNAL SOURCES:
  audiocardio_sdk_flutter_plugin_fastlane:
    :path: ".symlinks/plugins/audiocardio_sdk_flutter_plugin_fastlane/ios"
  Flutter:
    :path: Flutter
  integration_test:
    :path: ".symlinks/plugins/integration_test/ios"

SPEC CHECKSUMS:
  audiocardio_sdk_flutter_plugin_fastlane: 1c24edf92909bcae5784a0baa2cb7ed50a808a85
  Flutter: cabc95a1d2626b1b06e7179b784ebcf0c0cde467
  integration_test: 4a889634ef21a45d28d50d622cf412dc6d9f586e

PODFILE CHECKSUM: 3c63482e143d1b91d2d2560aee9fb04ecc74ac7e

COCOAPODS: 1.16.2
